
Microsoft Visual Studio Solution File, Format Version 12.00
# Visual Studio 14
VisualStudioVersion = 14.0.25420.1
MinimumVisualStudioVersion = 10.0.40219.1
Project("{2150E333-8FDC-42A3-9474-1A3956D46DE8}") = "src", "src", "{AA71929C-AA78-4861-A50A-4FDDA03FAA9A}"
EndProject
Project("{2150E333-8FDC-42A3-9474-1A3956D46DE8}") = "Solution Items", "Solution Items", "{888C8702-59EB-4214-AD68-407A764B3872}"
	ProjectSection(SolutionItems) = preProject
		global.json = global.json
	EndProjectSection
EndProject
Project("{8BB2217D-0F2D-49D1-97BC-3654ED321F3B}") = "CoreMVCAngular_Spa", "src\CoreMVCAngular_Spa\CoreMVCAngular_Spa.xproj", "{7563471A-794F-4A40-971D-0B9D1A24F2D4}"
EndProject
Global
	GlobalSection(SolutionConfigurationPlatforms) = preSolution
		Debug|Any CPU = Debug|Any CPU
		Release|Any CPU = Release|Any CPU
	EndGlobalSection
	GlobalSection(ProjectConfigurationPlatforms) = postSolution
		{7563471A-794F-4A40-971D-0B9D1A24F2D4}.Debug|Any CPU.ActiveCfg = Debug|Any CPU
		{7563471A-794F-4A40-971D-0B9D1A24F2D4}.Debug|Any CPU.Build.0 = Debug|Any CPU
		{7563471A-794F-4A40-971D-0B9D1A24F2D4}.Release|Any CPU.ActiveCfg = Release|Any CPU
		{7563471A-794F-4A40-971D-0B9D1A24F2D4}.Release|Any CPU.Build.0 = Release|Any CPU
	EndGlobalSection
	GlobalSection(SolutionProperties) = preSolution
		HideSolutionNode = FALSE
	EndGlobalSection
	GlobalSection(NestedProjects) = preSolution
		{7563471A-794F-4A40-971D-0B9D1A24F2D4} = {AA71929C-AA78-4861-A50A-4FDDA03FAA9A}
	EndGlobalSection
EndGlobal
